
Microsoft Visual Studio Solution File, Format Version 12.00
Project("{FAE04EC0-301F-11D3-BF4B-00C04F79EFBC}") = "SearchEngine", "SearchEngine\SearchEngine.csproj", "{15C82D51-9718-4CDE-AFD3-02806A3BBE00}"
EndProject
Project("{FAE04EC0-301F-11D3-BF4B-00C04F79EFBC}") = "SearchEngine.Test", "SearchEngine.Test\SearchEngine.Test.csproj", "{387A9660-47B8-4112-B713-5F162563751C}"
EndProject
Global
	GlobalSection(SolutionConfigurationPlatforms) = preSolution
		Debug|Any CPU = Debug|Any CPU
		Release|Any CPU = Release|Any CPU
	EndGlobalSection
	GlobalSection(ProjectConfigurationPlatforms) = postSolution
		{15C82D51-9718-4CDE-AFD3-02806A3BBE00}.Debug|Any CPU.ActiveCfg = Debug|Any CPU
		{15C82D51-9718-4CDE-AFD3-02806A3BBE00}.Debug|Any CPU.Build.0 = Debug|Any CPU
		{15C82D51-9718-4CDE-AFD3-02806A3BBE00}.Release|Any CPU.ActiveCfg = Release|Any CPU
		{15C82D51-9718-4CDE-AFD3-02806A3BBE00}.Release|Any CPU.Build.0 = Release|Any CPU
		{387A9660-47B8-4112-B713-5F162563751C}.Debug|Any CPU.ActiveCfg = Debug|Any CPU
		{387A9660-47B8-4112-B713-5F162563751C}.Debug|Any CPU.Build.0 = Debug|Any CPU
		{387A9660-47B8-4112-B713-5F162563751C}.Release|Any CPU.ActiveCfg = Release|Any CPU
		{387A9660-47B8-4112-B713-5F162563751C}.Release|Any CPU.Build.0 = Release|Any CPU
	EndGlobalSection
EndGlobal
